
Microsoft Visual Studio Solution File, Format Version 11.00
# Visual Studio 2010
Project("{FAE04EC0-301F-11D3-BF4B-00C04F79EFBC}") = "EatMySnake.ConsoleClient", "EatMySnake.ConsoleClient\EatMySnake.ConsoleClient.csproj", "{2A6D1EDD-4A30-4647-A13F-9CD036EF26B1}"
EndProject
Project("{FAE04EC0-301F-11D3-BF4B-00C04F79EFBC}") = "EatMySnake.Specifications", "EatMySnake.Specifications\EatMySnake.Specifications.csproj", "{12DCDEE1-03B1-4286-8888-293B21D5787F}"
EndProject
Project("{FAE04EC0-301F-11D3-BF4B-00C04F79EFBC}") = "EatMySnake.Core", "EatMySnake.Core\EatMySnake.Core.csproj", "{D01054C3-B067-418C-9A67-11A55F4E5536}"
EndProject
Global
	GlobalSection(SolutionConfigurationPlatforms) = preSolution
		Debug|Any CPU = Debug|Any CPU
		Release|Any CPU = Release|Any CPU
	EndGlobalSection
	GlobalSection(ProjectConfigurationPlatforms) = postSolution
		{2A6D1EDD-4A30-4647-A13F-9CD036EF26B1}.Debug|Any CPU.ActiveCfg = Debug|Any CPU
		{2A6D1EDD-4A30-4647-A13F-9CD036EF26B1}.Debug|Any CPU.Build.0 = Debug|Any CPU
		{2A6D1EDD-4A30-4647-A13F-9CD036EF26B1}.Release|Any CPU.ActiveCfg = Release|Any CPU
		{2A6D1EDD-4A30-4647-A13F-9CD036EF26B1}.Release|Any CPU.Build.0 = Release|Any CPU
		{12DCDEE1-03B1-4286-8888-293B21D5787F}.Debug|Any CPU.ActiveCfg = Debug|Any CPU
		{12DCDEE1-03B1-4286-8888-293B21D5787F}.Debug|Any CPU.Build.0 = Debug|Any CPU
		{12DCDEE1-03B1-4286-8888-293B21D5787F}.Release|Any CPU.ActiveCfg = Release|Any CPU
		{12DCDEE1-03B1-4286-8888-293B21D5787F}.Release|Any CPU.Build.0 = Release|Any CPU
		{D01054C3-B067-418C-9A67-11A55F4E5536}.Debug|Any CPU.ActiveCfg = Debug|Any CPU
		{D01054C3-B067-418C-9A67-11A55F4E5536}.Debug|Any CPU.Build.0 = Debug|Any CPU
		{D01054C3-B067-418C-9A67-11A55F4E5536}.Release|Any CPU.ActiveCfg = Release|Any CPU
		{D01054C3-B067-418C-9A67-11A55F4E5536}.Release|Any CPU.Build.0 = Release|Any CPU
	EndGlobalSection
	GlobalSection(SolutionProperties) = preSolution
		HideSolutionNode = FALSE
	EndGlobalSection
EndGlobal
