
Microsoft Visual Studio Solution File, Format Version 11.00
# Visual Studio 2010
Project("{FAE04EC0-301F-11D3-BF4B-00C04F79EFBC}") = "SnakeBattleNet.Specifications", "SnakeBattleNet.Specifications\SnakeBattleNet.Specifications.csproj", "{12DCDEE1-03B1-4286-8888-293B21D5787F}"
EndProject
Project("{FAE04EC0-301F-11D3-BF4B-00C04F79EFBC}") = "SnakeBattleNet.Core", "SnakeBattleNet.Core\SnakeBattleNet.Core.csproj", "{D01054C3-B067-418C-9A67-11A55F4E5536}"
EndProject
Project("{FAE04EC0-301F-11D3-BF4B-00C04F79EFBC}") = "SnakeBattleNet.Utils", "SnakeBattleNet.Utils\SnakeBattleNet.Utils.csproj", "{3BB3D63F-17C2-4FC2-B1EE-70E38DD7D522}"
EndProject
Project("{FAE04EC0-301F-11D3-BF4B-00C04F79EFBC}") = "SnakeBattleNet.Mvc", "SnakeBattleNet.MVC\SnakeBattleNet.Mvc.csproj", "{629DBB57-D81C-40A6-8C5E-F0935F34E492}"
EndProject
Project("{2150E333-8FDC-42A3-9474-1A3956D46DE8}") = "Web", "Web", "{E8462B8F-97E5-43DF-81EC-E4908618741A}"
EndProject
Project("{2150E333-8FDC-42A3-9474-1A3956D46DE8}") = "Tests", "Tests", "{FF400DBC-F7F6-4383-AB0B-D8BAAC82CB65}"
EndProject
Project("{2150E333-8FDC-42A3-9474-1A3956D46DE8}") = "Core", "Core", "{A28ECF35-4229-4BBB-BA9F-0330DCC720D3}"
EndProject
Project("{2150E333-8FDC-42A3-9474-1A3956D46DE8}") = "Utils", "Utils", "{8F54B05C-C5D0-4BF7-BFA0-611258D60E7F}"
EndProject
Project("{FAE04EC0-301F-11D3-BF4B-00C04F79EFBC}") = "SnakeBattleNet.Test.Core", "SnakeBattleNet.Test.Core\SnakeBattleNet.Test.Core.csproj", "{64C225FF-59EB-4C16-9519-DC93A8CB95FC}"
EndProject
Project("{FAE04EC0-301F-11D3-BF4B-00C04F79EFBC}") = "SnakeBattleNet.Persistance", "SnakeBattleNet.Persistance\SnakeBattleNet.Persistance.csproj", "{7DB984B4-11FE-4FBF-88BC-18D8EBD22A00}"
EndProject
Global
	GlobalSection(SolutionConfigurationPlatforms) = preSolution
		Debug|Any CPU = Debug|Any CPU
		Release|Any CPU = Release|Any CPU
	EndGlobalSection
	GlobalSection(ProjectConfigurationPlatforms) = postSolution
		{12DCDEE1-03B1-4286-8888-293B21D5787F}.Debug|Any CPU.ActiveCfg = Debug|Any CPU
		{12DCDEE1-03B1-4286-8888-293B21D5787F}.Debug|Any CPU.Build.0 = Debug|Any CPU
		{12DCDEE1-03B1-4286-8888-293B21D5787F}.Release|Any CPU.ActiveCfg = Release|Any CPU
		{12DCDEE1-03B1-4286-8888-293B21D5787F}.Release|Any CPU.Build.0 = Release|Any CPU
		{D01054C3-B067-418C-9A67-11A55F4E5536}.Debug|Any CPU.ActiveCfg = Debug|Any CPU
		{D01054C3-B067-418C-9A67-11A55F4E5536}.Debug|Any CPU.Build.0 = Debug|Any CPU
		{D01054C3-B067-418C-9A67-11A55F4E5536}.Release|Any CPU.ActiveCfg = Release|Any CPU
		{D01054C3-B067-418C-9A67-11A55F4E5536}.Release|Any CPU.Build.0 = Release|Any CPU
		{3BB3D63F-17C2-4FC2-B1EE-70E38DD7D522}.Debug|Any CPU.ActiveCfg = Debug|Any CPU
		{3BB3D63F-17C2-4FC2-B1EE-70E38DD7D522}.Debug|Any CPU.Build.0 = Debug|Any CPU
		{3BB3D63F-17C2-4FC2-B1EE-70E38DD7D522}.Release|Any CPU.ActiveCfg = Release|Any CPU
		{3BB3D63F-17C2-4FC2-B1EE-70E38DD7D522}.Release|Any CPU.Build.0 = Release|Any CPU
		{629DBB57-D81C-40A6-8C5E-F0935F34E492}.Debug|Any CPU.ActiveCfg = Debug|Any CPU
		{629DBB57-D81C-40A6-8C5E-F0935F34E492}.Debug|Any CPU.Build.0 = Debug|Any CPU
		{629DBB57-D81C-40A6-8C5E-F0935F34E492}.Release|Any CPU.ActiveCfg = Release|Any CPU
		{629DBB57-D81C-40A6-8C5E-F0935F34E492}.Release|Any CPU.Build.0 = Release|Any CPU
		{64C225FF-59EB-4C16-9519-DC93A8CB95FC}.Debug|Any CPU.ActiveCfg = Debug|Any CPU
		{64C225FF-59EB-4C16-9519-DC93A8CB95FC}.Debug|Any CPU.Build.0 = Debug|Any CPU
		{64C225FF-59EB-4C16-9519-DC93A8CB95FC}.Release|Any CPU.ActiveCfg = Release|Any CPU
		{64C225FF-59EB-4C16-9519-DC93A8CB95FC}.Release|Any CPU.Build.0 = Release|Any CPU
		{7DB984B4-11FE-4FBF-88BC-18D8EBD22A00}.Debug|Any CPU.ActiveCfg = Debug|Any CPU
		{7DB984B4-11FE-4FBF-88BC-18D8EBD22A00}.Debug|Any CPU.Build.0 = Debug|Any CPU
		{7DB984B4-11FE-4FBF-88BC-18D8EBD22A00}.Release|Any CPU.ActiveCfg = Release|Any CPU
		{7DB984B4-11FE-4FBF-88BC-18D8EBD22A00}.Release|Any CPU.Build.0 = Release|Any CPU
	EndGlobalSection
	GlobalSection(SolutionProperties) = preSolution
		HideSolutionNode = FALSE
	EndGlobalSection
	GlobalSection(NestedProjects) = preSolution
		{629DBB57-D81C-40A6-8C5E-F0935F34E492} = {E8462B8F-97E5-43DF-81EC-E4908618741A}
		{12DCDEE1-03B1-4286-8888-293B21D5787F} = {FF400DBC-F7F6-4383-AB0B-D8BAAC82CB65}
		{64C225FF-59EB-4C16-9519-DC93A8CB95FC} = {FF400DBC-F7F6-4383-AB0B-D8BAAC82CB65}
		{D01054C3-B067-418C-9A67-11A55F4E5536} = {A28ECF35-4229-4BBB-BA9F-0330DCC720D3}
		{7DB984B4-11FE-4FBF-88BC-18D8EBD22A00} = {A28ECF35-4229-4BBB-BA9F-0330DCC720D3}
		{3BB3D63F-17C2-4FC2-B1EE-70E38DD7D522} = {8F54B05C-C5D0-4BF7-BFA0-611258D60E7F}
	EndGlobalSection
EndGlobal
